
Microsoft Visual Studio Solution File, Format Version 12.00
# Visual Studio Version 17
VisualStudioVersion = 17.12.35527.113 d17.12
MinimumVisualStudioVersion = 10.0.40219.1
Project("{2150E333-8FDC-42A3-9474-1A3956D46DE8}") = "src", "src", "{E0539D36-473C-497E-A467-390498353DA0}"
EndProject
Project("{FAE04EC0-301F-11D3-BF4B-00C04F79EFBC}") = "Bookify.Domain", "src\Bookify.Domain\Bookify.Domain.csproj", "{8417FD8F-E83D-4C9B-A0D1-05BF2CFFC306}"
EndProject
Project("{2150E333-8FDC-42A3-9474-1A3956D46DE8}") = "test", "test", "{7ECDF6E6-0FB0-46E4-98B3-11A1953EF31C}"
EndProject
Global
	GlobalSection(SolutionConfigurationPlatforms) = preSolution
		Debug|Any CPU = Debug|Any CPU
		Release|Any CPU = Release|Any CPU
	EndGlobalSection
	GlobalSection(ProjectConfigurationPlatforms) = postSolution
		{8417FD8F-E83D-4C9B-A0D1-05BF2CFFC306}.Debug|Any CPU.ActiveCfg = Debug|Any CPU
		{8417FD8F-E83D-4C9B-A0D1-05BF2CFFC306}.Debug|Any CPU.Build.0 = Debug|Any CPU
		{8417FD8F-E83D-4C9B-A0D1-05BF2CFFC306}.Release|Any CPU.ActiveCfg = Release|Any CPU
		{8417FD8F-E83D-4C9B-A0D1-05BF2CFFC306}.Release|Any CPU.Build.0 = Release|Any CPU
	EndGlobalSection
	GlobalSection(SolutionProperties) = preSolution
		HideSolutionNode = FALSE
	EndGlobalSection
	GlobalSection(NestedProjects) = preSolution
		{8417FD8F-E83D-4C9B-A0D1-05BF2CFFC306} = {E0539D36-473C-497E-A467-390498353DA0}
	EndGlobalSection
EndGlobal
